
Microsoft Visual Studio Solution File, Format Version 12.00
# Visual Studio Version 17
VisualStudioVersion = 17.4.33205.214
MinimumVisualStudioVersion = 10.0.40219.1
Project("{FAE04EC0-301F-11D3-BF4B-00C04F79EFBC}") = "AdventOfCode", "AdventOfCode\AdventOfCode.csproj", "{CFF51024-81C9-47E1-B989-11F1DF5173FD}"
EndProject
Global
	GlobalSection(SolutionConfigurationPlatforms) = preSolution
		Debug|Any CPU = Debug|Any CPU
		Release|Any CPU = Release|Any CPU
	EndGlobalSection
	GlobalSection(ProjectConfigurationPlatforms) = postSolution
		{CFF51024-81C9-47E1-B989-11F1DF5173FD}.Debug|Any CPU.ActiveCfg = Debug|Any CPU
		{CFF51024-81C9-47E1-B989-11F1DF5173FD}.Debug|Any CPU.Build.0 = Debug|Any CPU
		{CFF51024-81C9-47E1-B989-11F1DF5173FD}.Release|Any CPU.ActiveCfg = Release|Any CPU
		{CFF51024-81C9-47E1-B989-11F1DF5173FD}.Release|Any CPU.Build.0 = Release|Any CPU
	EndGlobalSection
	GlobalSection(SolutionProperties) = preSolution
		HideSolutionNode = FALSE
	EndGlobalSection
	GlobalSection(ExtensibilityGlobals) = postSolution
		SolutionGuid = {DB47A3DF-340C-47B2-A3E0-D53E867D6880}
	EndGlobalSection
EndGlobal
